version = 1
revision = 3
requires-python = ">=3.11"

[[package]]
name = "attrs"
version = "26.1.0"
source = { registry = "https://pypi.org/simple" }
sdist = { url = "https://files.pythonhosted.org/packages/9a/8e/82a0fe20a541c03148528be8cac2408564a6c9a0cc7e9171802bc1d26985/attrs-26.1.0.tar.gz", hash = "sha256:d03ceb89cb322a8fd706d4fb91940737b6642aa36998fe130a9bc96c985eff32", size = 952055, upload-time = "2026-03-19T14:22:25.026Z" }
wheels = [
    { url = "https://files.pythonhosted.org/packages/64/b4/17d4b0b2a2dc85a6df63d1157e028ed19f90d4cd97c36717afef2bc2f395/attrs-26.1.0-py3-none-any.whl", hash = "sha256:c647aa4a12dfbad9333ca4e71fe62ddc36f4e63b2d260a37a8b83d2f043ac309", size = 67548, upload-time = "2026-03-19T14:22:23.645Z" },
]

[[package]]
name = "cattrs"
version = "26.1.0"
source = { registry = "https://pypi.org/simple" }
dependencies = [
    { name = "attrs" },
    { name = "typing-extensions" },
]
sdist = { url = "https://files.pythonhosted.org/packages/a0/ec/ba18945e7d6e55a58364d9fb2e46049c1c2998b3d805f19b703f14e81057/cattrs-26.1.0.tar.gz", hash = "sha256:fa239e0f0ec0715ba34852ce813986dfed1e12117e209b816ab87401271cdd40", size = 495672, upload-time = "2026-02-18T22:15:19.406Z" }
wheels = [
    { url = "https://files.pythonhosted.org/packages/80/56/60547f7801b97c67e97491dc3d9ade9fbccbd0325058fd3dfcb2f5d98d90/cattrs-26.1.0-py3-none-any.whl", hash = "sha256:d1e0804c42639494d469d08d4f26d6b9de9b8ab26b446db7b5f8c2e97f7c3096", size = 73054, upload-time = "2026-02-18T22:15:17.958Z" },
]

[[package]]
name = "colorama"
version = "0.4.6"
source = { registry = "https://pypi.org/simple" }
sdist = { url = "https://files.pythonhosted.org/packages/d8/53/6f443c9a4a8358a93a6792e2acffb9d9d5cb0a5cfd8802644b7b1c9a02e4/colorama-0.4.6.tar.gz", hash = "sha256:08695f5cb7ed6e0531a20572697297273c47b8cae5a63ffc6d6ed5c201be6e44", size = 27697, upload-time = "2022-10-25T02:36:22.414Z" }
wheels = [
    { url = "https://files.pythonhosted.org/packages/d1/d6/3965ed04c63042e047cb6a3e6ed1a63a35087b6a609aa3a15ed8ac56c221/colorama-0.4.6-py2.py3-none-any.whl", hash = "sha256:4f1d9991f5acc0ca119f9d443620b77f9d6b33703e51011c16baf57afb285fc6", size = 25335, upload-time = "2022-10-25T02:36:20.889Z" },
]

[[package]]
name = "execnet"
version = "2.1.2"
source = { registry = "https://pypi.org/simple" }
sdist = { url = "https://files.pythonhosted.org/packages/bf/89/780e11f9588d9e7128a3f87788354c7946a9cbb1401ad38a48c4db9a4f07/execnet-2.1.2.tar.gz", hash = "sha256:63d83bfdd9a23e35b9c6a3261412324f964c2ec8dcd8d3c6916ee9373e0befcd", size = 166622, upload-time = "2025-11-12T09:56:37.75Z" }
wheels = [
    { url = "https://files.pythonhosted.org/packages/ab/84/02fc1827e8cdded4aa65baef11296a9bbe595c474f0d6d758af082d849fd/execnet-2.1.2-py3-none-any.whl", hash = "sha256:67fba928dd5a544b783f6056f449e5e3931a5c378b128bc18501f7ea79e296ec", size = 40708, upload-time = "2025-11-12T09:56:36.333Z" },
]

[[package]]
name = "iniconfig"
version = "2.3.0"
source = { registry = "https://pypi.org/simple" }
sdist = { url = "https://files.pythonhosted.org/packages/72/34/14ca021ce8e5dfedc35312d08ba8bf51fdd999c576889fc2c24cb97f4f10/iniconfig-2.3.0.tar.gz", hash = "sha256:c76315c77db068650d49c5b56314774a7804df16fee4402c1f19d6d15d8c4730", size = 20503, upload-time = "2025-10-18T21:55:43.219Z" }
wheels = [
    { url = "https://files.pythonhosted.org/packages/cb/b1/3846dd7f199d53cb17f49cba7e651e9ce294d8497c8c150530ed11865bb8/iniconfig-2.3.0-py3-none-any.whl", hash = "sha256:f631c04d2c48c52b84d0d0549c99ff3859c98df65b3101406327ecc7d53fbf12", size = 7484, upload-time = "2025-10-18T21:55:41.639Z" },
]

[[package]]
name = "lark"
version = "1.2.2"
source = { registry = "https://pypi.org/simple" }
sdist = { url = "https://files.pythonhosted.org/packages/af/60/bc7622aefb2aee1c0b4ba23c1446d3e30225c8770b38d7aedbfb65ca9d5a/lark-1.2.2.tar.gz", hash = "sha256:ca807d0162cd16cef15a8feecb862d7319e7a09bdb13aef927968e45040fed80", size = 252132, upload-time = "2024-08-13T19:49:00.652Z" }
wheels = [
    { url = "https://files.pythonhosted.org/packages/2d/00/d90b10b962b4277f5e64a78b6609968859ff86889f5b898c1a778c06ec00/lark-1.2.2-py3-none-any.whl", hash = "sha256:c2276486b02f0f1b90be155f2c8ba4a8e194d42775786db622faccd652d8e80c", size = 111036, upload-time = "2024-08-13T19:48:58.603Z" },
]

[[package]]
name = "llvmlite"
version = "0.46.0"
source = { registry = "https://pypi.org/simple" }
sdist = { url = "https://files.pythonhosted.org/packages/74/cd/08ae687ba099c7e3d21fe2ea536500563ef1943c5105bf6ab4ee3829f68e/llvmlite-0.46.0.tar.gz", hash = "sha256:227c9fd6d09dce2783c18b754b7cd9d9b3b3515210c46acc2d3c5badd9870ceb", size = 193456, upload-time = "2025-12-08T18:15:36.295Z" }
wheels = [
    { url = "https://files.pythonhosted.org/packages/7a/a1/2ad4b2367915faeebe8447f0a057861f646dbf5fbbb3561db42c65659cf3/llvmlite-0.46.0-cp311-cp311-macosx_11_0_arm64.whl", hash = "sha256:82f3d39b16f19aa1a56d5fe625883a6ab600d5cc9ea8906cca70ce94cabba067", size = 37232766, upload-time = "2025-12-08T18:14:48.836Z" },
    { url = "https://files.pythonhosted.org/packages/12/b5/99cf8772fdd846c07da4fd70f07812a3c8fd17ea2409522c946bb0f2b277/llvmlite-0.46.0-cp311-cp311-manylinux2014_x86_64.manylinux_2_17_x86_64.whl", hash = "sha256:a3df43900119803bbc52720e758c76f316a9a0f34612a886862dfe0a5591a17e", size = 56275175, upload-time = "2025-12-08T18:14:51.604Z" },
    { url = "https://files.pythonhosted.org/packages/38/f2/ed806f9c003563732da156139c45d970ee435bd0bfa5ed8de87ba972b452/llvmlite-0.46.0-cp311-cp311-manylinux_2_27_aarch64.manylinux_2_28_aarch64.whl", hash = "sha256:de183fefc8022d21b0aa37fc3e90410bc3524aed8617f0ff76732fc6c3af5361", size = 55128630, upload-time = "2025-12-08T18:14:55.107Z" },
    { url = "https://files.pythonhosted.org/packages/19/0c/8f5a37a65fc9b7b17408508145edd5f86263ad69c19d3574e818f533a0eb/llvmlite-0.46.0-cp311-cp311-win_amd64.whl", hash = "sha256:e8b10bc585c58bdffec9e0c309bb7d51be1f2f15e169a4b4d42f2389e431eb93", size = 38138652, upload-time = "2025-12-08T18:14:58.171Z" },
    { url = "https://files.pythonhosted.org/packages/2b/f8/4db016a5e547d4e054ff2f3b99203d63a497465f81ab78ec8eb2ff7b2304/llvmlite-0.46.0-cp312-cp312-macosx_11_0_arm64.whl", hash = "sha256:6b9588ad4c63b4f0175a3984b85494f0c927c6b001e3a246a3a7fb3920d9a137", size = 37232767, upload-time = "2025-12-08T18:15:00.737Z" },
    { url = "https://files.pythonhosted.org/packages/aa/85/4890a7c14b4fa54400945cb52ac3cd88545bbdb973c440f98ca41591cdc5/llvmlite-0.46.0-cp312-cp312-manylinux2014_x86_64.manylinux_2_17_x86_64.whl", hash = "sha256:3535bd2bb6a2d7ae4012681ac228e5132cdb75fefb1bcb24e33f2f3e0c865ed4", size = 56275176, upload-time = "2025-12-08T18:15:03.936Z" },
    { url = "https://files.pythonhosted.org/packages/6a/07/3d31d39c1a1a08cd5337e78299fca77e6aebc07c059fbd0033e3edfab45c/llvmlite-0.46.0-cp312-cp312-manylinux_2_27_aarch64.manylinux_2_28_aarch64.whl", hash = "sha256:4cbfd366e60ff87ea6cc62f50bc4cd800ebb13ed4c149466f50cf2163a473d1e", size = 55128630, upload-time = "2025-12-08T18:15:07.196Z" },
    { url = "https://files.pythonhosted.org/packages/2a/6b/d139535d7590a1bba1ceb68751bef22fadaa5b815bbdf0e858e3875726b2/llvmlite-0.46.0-cp312-cp312-win_amd64.whl", hash = "sha256:398b39db462c39563a97b912d4f2866cd37cba60537975a09679b28fbbc0fb38", size = 38138940, upload-time = "2025-12-08T18:15:10.162Z" },
    { url = "https://files.pythonhosted.org/packages/e6/ff/3eba7eb0aed4b6fca37125387cd417e8c458e750621fce56d2c541f67fa8/llvmlite-0.46.0-cp313-cp313-macosx_12_0_arm64.whl", hash = "sha256:30b60892d034bc560e0ec6654737aaa74e5ca327bd8114d82136aa071d611172", size = 37232767, upload-time = "2025-12-08T18:15:13.22Z" },
    { url = "https://files.pythonhosted.org/packages/0e/54/737755c0a91558364b9200702c3c9c15d70ed63f9b98a2c32f1c2aa1f3ba/llvmlite-0.46.0-cp313-cp313-manylinux2014_x86_64.manylinux_2_17_x86_64.whl", hash = "sha256:6cc19b051753368a9c9f31dc041299059ee91aceec81bd57b0e385e5d5bf1a54", size = 56275176, upload-time = "2025-12-08T18:15:16.339Z" },
    { url = "https://files.pythonhosted.org/packages/e6/91/14f32e1d70905c1c0aa4e6609ab5d705c3183116ca02ac6df2091868413a/llvmlite-0.46.0-cp313-cp313-manylinux_2_27_aarch64.manylinux_2_28_aarch64.whl", hash = "sha256:bca185892908f9ede48c0acd547fe4dc1bafefb8a4967d47db6cf664f9332d12", size = 55128629, upload-time = "2025-12-08T18:15:19.493Z" },
    { url = "https://files.pythonhosted.org/packages/4a/a7/d526ae86708cea531935ae777b6dbcabe7db52718e6401e0fb9c5edea80e/llvmlite-0.46.0-cp313-cp313-win_amd64.whl", hash = "sha256:67438fd30e12349ebb054d86a5a1a57fd5e87d264d2451bcfafbbbaa25b82a35", size = 38138941, upload-time = "2025-12-08T18:15:22.536Z" },
    { url = "https://files.pythonhosted.org/packages/95/ae/af0ffb724814cc2ea64445acad05f71cff5f799bb7efb22e47ee99340dbc/llvmlite-0.46.0-cp314-cp314-macosx_12_0_arm64.whl", hash = "sha256:d252edfb9f4ac1fcf20652258e3f102b26b03eef738dc8a6ffdab7d7d341d547", size = 37232768, upload-time = "2025-12-08T18:15:25.055Z" },
    { url = "https://files.pythonhosted.org/packages/c9/19/5018e5352019be753b7b07f7759cdabb69ca5779fea2494be8839270df4c/llvmlite-0.46.0-cp314-cp314-manylinux2014_x86_64.manylinux_2_17_x86_64.whl", hash = "sha256:379fdd1c59badeff8982cb47e4694a6143bec3bb49aa10a466e095410522064d", size = 56275173, upload-time = "2025-12-08T18:15:28.109Z" },
    { url = "https://files.pythonhosted.org/packages/9f/c9/d57877759d707e84c082163c543853245f91b70c804115a5010532890f18/llvmlite-0.46.0-cp314-cp314-manylinux_2_27_aarch64.manylinux_2_28_aarch64.whl", hash = "sha256:2e8cbfff7f6db0fa2c771ad24154e2a7e457c2444d7673e6de06b8b698c3b269", size = 55128628, upload-time = "2025-12-08T18:15:31.098Z" },
    { url = "https://files.pythonhosted.org/packages/30/a8/e61a8c2b3cc7a597073d9cde1fcbb567e9d827f1db30c93cf80422eac70d/llvmlite-0.46.0-cp314-cp314-win_amd64.whl", hash = "sha256:7821eda3ec1f18050f981819756631d60b6d7ab1a6cf806d9efefbe3f4082d61", size = 39153056, upload-time = "2025-12-08T18:15:33.938Z" },
]

[[package]]
name = "lsprotocol"
version = "2025.0.0"
source = { registry = "https://pypi.org/simple" }
dependencies = [
    { name = "attrs" },
    { name = "cattrs" },
]
sdist = { url = "https://files.pythonhosted.org/packages/e9/26/67b84e6ec1402f0e6764ef3d2a0aaf9a79522cc1d37738f4e5bb0b21521a/lsprotocol-2025.0.0.tar.gz", hash = "sha256:e879da2b9301e82cfc3e60d805630487ac2f7ab17492f4f5ba5aaba94fe56c29", size = 74896, upload-time = "2025-06-17T21:30:18.156Z" }
wheels = [
    { url = "https://files.pythonhosted.org/packages/7b/f0/92f2d609d6642b5f30cb50a885d2bf1483301c69d5786286500d15651ef2/lsprotocol-2025.0.0-py3-none-any.whl", hash = "sha256:f9d78f25221f2a60eaa4a96d3b4ffae011b107537facee61d3da3313880995c7", size = 76250, upload-time = "2025-06-17T21:30:19.455Z" },
]

[[package]]
name = "packaging"
version = "26.2"
source = { registry = "https://pypi.org/simple" }
sdist = { url = "https://files.pythonhosted.org/packages/d7/f1/e7a6dd94a8d4a5626c03e4e99c87f241ba9e350cd9e6d75123f992427270/packaging-26.2.tar.gz", hash = "sha256:ff452ff5a3e828ce110190feff1178bb1f2ea2281fa2075aadb987c2fb221661", size = 228134, upload-time = "2026-04-24T20:15:23.917Z" }
wheels = [
    { url = "https://files.pythonhosted.org/packages/df/b2/87e62e8c3e2f4b32e5fe99e0b86d576da1312593b39f47d8ceef365e95ed/packaging-26.2-py3-none-any.whl", hash = "sha256:5fc45236b9446107ff2415ce77c807cee2862cb6fac22b8a73826d0693b0980e", size = 100195, upload-time = "2026-04-24T20:15:22.081Z" },
]

[[package]]
name = "pluggy"
version = "1.6.0"
source = { registry = "https://pypi.org/simple" }
sdist = { url = "https://files.pythonhosted.org/packages/f9/e2/3e91f31a7d2b083fe6ef3fa267035b518369d9511ffab804f839851d2779/pluggy-1.6.0.tar.gz", hash = "sha256:7dcc130b76258d33b90f61b658791dede3486c3e6bfb003ee5c9bfb396dd22f3", size = 69412, upload-time = "2025-05-15T12:30:07.975Z" }
wheels = [
    { url = "https://files.pythonhosted.org/packages/54/20/4d324d65cc6d9205fabedc306948156824eb9f0ee1633355a8f7ec5c66bf/pluggy-1.6.0-py3-none-any.whl", hash = "sha256:e920276dd6813095e9377c0bc5566d94c932c33b27a3e3945d8389c374dd4746", size = 20538, upload-time = "2025-05-15T12:30:06.134Z" },
]

[[package]]
name = "pygls"
version = "2.1.1"
source = { registry = "https://pypi.org/simple" }
dependencies = [
    { name = "attrs" },
    { name = "cattrs" },
    { name = "lsprotocol" },
]
sdist = { url = "https://files.pythonhosted.org/packages/da/2e/7bbe061d175c0baddde8fc9edb908a4c31ba5d9165b8c68e3439c3a9f138/pygls-2.1.1.tar.gz", hash = "sha256:1da03ba9053201bb337dcdd8d121df70feb2a91e1a0dcc74de5da79755b1a201", size = 55091, upload-time = "2026-03-25T11:19:10.541Z" }
wheels = [
    { url = "https://files.pythonhosted.org/packages/fd/1a/208293b6c350f5abea6941d5606080d4a492644052504f5312e5de30a902/pygls-2.1.1-py3-none-any.whl", hash = "sha256:510a6dea2476177230c7d851125e5948efdf3fdb9ebfd8543fc434972f8faed4", size = 68975, upload-time = "2026-03-25T11:19:11.374Z" },
]

[[package]]
name = "pygments"
version = "2.20.0"
source = { registry = "https://pypi.org/simple" }
sdist = { url = "https://files.pythonhosted.org/packages/c3/b2/bc9c9196916376152d655522fdcebac55e66de6603a76a02bca1b6414f6c/pygments-2.20.0.tar.gz", hash = "sha256:6757cd03768053ff99f3039c1a36d6c0aa0b263438fcab17520b30a303a82b5f", size = 4955991, upload-time = "2026-03-29T13:29:33.898Z" }
wheels = [
    { url = "https://files.pythonhosted.org/packages/f4/7e/a72dd26f3b0f4f2bf1dd8923c85f7ceb43172af56d63c7383eb62b332364/pygments-2.20.0-py3-none-any.whl", hash = "sha256:81a9e26dd42fd28a23a2d169d86d7ac03b46e2f8b59ed4698fb4785f946d0176", size = 1231151, upload-time = "2026-03-29T13:29:30.038Z" },
]

[[package]]
name = "pytest"
version = "9.0.3"
source = { registry = "https://pypi.org/simple" }
dependencies = [
    { name = "colorama", marker = "sys_platform == 'win32'" },
    { name = "iniconfig" },
    { name = "packaging" },
    { name = "pluggy" },
    { name = "pygments" },
]
sdist = { url = "https://files.pythonhosted.org/packages/7d/0d/549bd94f1a0a402dc8cf64563a117c0f3765662e2e668477624baeec44d5/pytest-9.0.3.tar.gz", hash = "sha256:b86ada508af81d19edeb213c681b1d48246c1a91d304c6c81a427674c17eb91c", size = 1572165, upload-time = "2026-04-07T17:16:18.027Z" }
wheels = [
    { url = "https://files.pythonhosted.org/packages/d4/24/a372aaf5c9b7208e7112038812994107bc65a84cd00e0354a88c2c77a617/pytest-9.0.3-py3-none-any.whl", hash = "sha256:2c5efc453d45394fdd706ade797c0a81091eccd1d6e4bccfcd476e2b8e0ab5d9", size = 375249, upload-time = "2026-04-07T17:16:16.13Z" },
]

[[package]]
name = "pytest-xdist"
version = "3.8.0"
source = { registry = "https://pypi.org/simple" }
dependencies = [
    { name = "execnet" },
    { name = "pytest" },
]
sdist = { url = "https://files.pythonhosted.org/packages/78/b4/439b179d1ff526791eb921115fca8e44e596a13efeda518b9d845a619450/pytest_xdist-3.8.0.tar.gz", hash = "sha256:7e578125ec9bc6050861aa93f2d59f1d8d085595d6551c2c90b6f4fad8d3a9f1", size = 88069, upload-time = "2025-07-01T13:30:59.346Z" }
wheels = [
    { url = "https://files.pythonhosted.org/packages/ca/31/d4e37e9e550c2b92a9cbc2e4d0b7420a27224968580b5a447f420847c975/pytest_xdist-3.8.0-py3-none-any.whl", hash = "sha256:202ca578cfeb7370784a8c33d6d05bc6e13b4f25b5053c30a152269fd10f0b88", size = 46396, upload-time = "2025-07-01T13:30:56.632Z" },
]

[[package]]
name = "rolang"
version = "0.1.0"
source = { editable = "." }
dependencies = [
    { name = "lark" },
    { name = "llvmlite" },
]

[package.optional-dependencies]
langserver = [
    { name = "pygls" },
]

[package.dev-dependencies]
dev = [
    { name = "pytest" },
    { name = "pytest-xdist" },
]

[package.metadata]
requires-dist = [
    { name = "lark", specifier = ">=1.2.2" },
    { name = "llvmlite", specifier = ">=0.41.0" },
    { name = "pygls", marker = "extra == 'langserver'", specifier = ">=1.3.0" },
]
provides-extras = ["langserver"]

[package.metadata.requires-dev]
dev = [
    { name = "pytest", specifier = ">=9.0.3" },
    { name = "pytest-xdist", specifier = ">=3.8.0" },
]

[[package]]
name = "typing-extensions"
version = "4.15.0"
source = { registry = "https://pypi.org/simple" }
sdist = { url = "https://files.pythonhosted.org/packages/72/94/1a15dd82efb362ac84269196e94cf00f187f7ed21c242792a923cdb1c61f/typing_extensions-4.15.0.tar.gz", hash = "sha256:0cea48d173cc12fa28ecabc3b837ea3cf6f38c6d1136f85cbaaf598984861466", size = 109391, upload-time = "2025-08-25T13:49:26.313Z" }
wheels = [
    { url = "https://files.pythonhosted.org/packages/18/67/36e9267722cc04a6b9f15c7f3441c2363321a3ea07da7ae0c0707beb2a9c/typing_extensions-4.15.0-py3-none-any.whl", hash = "sha256:f0fa19c6845758ab08074a0cfa8b7aecb71c999ca73d62883bc25cc018c4e548", size = 44614, upload-time = "2025-08-25T13:49:24.86Z" },
]
